schema: '2.0'
stages:
  data_ingestion:
    cmd: python3 src/data_ingestion.py
    deps:
    - path: src/data_ingestion.py
      hash: md5
      md5: 835452adea8427a29656d6ceae786199
      size: 3336
    outs:
    - path: data/raw
      hash: md5
      md5: 442c16d4591729f2fea8b71d0bb5f85a.dir
      size: 479272
      nfiles: 2
  data_preprocessing:
    cmd: python3 src/data_preprocessing.py
    deps:
    - path: data/raw
      hash: md5
      md5: 442c16d4591729f2fea8b71d0bb5f85a.dir
      size: 479272
      nfiles: 2
    - path: src/data_preprocessing.py
      hash: md5
      md5: dbd0c9495a978b12888a5c917324cc43
      size: 3701
    outs:
    - path: data/interim
      hash: md5
      md5: 706e69b0c95a92551c9758d1d1af0462.dir
      size: 272116
      nfiles: 2
  feature_engineering:
    cmd: python3 src/feature_engineering.py
    deps:
    - path: data/interim
      hash: md5
      md5: 706e69b0c95a92551c9758d1d1af0462.dir
      size: 272116
      nfiles: 2
    - path: src/feature_engineering.py
      hash: md5
      md5: 2fbbca5d96acfdc90b6028a76dbacf9f
      size: 4030
    outs:
    - path: data/processed
      hash: md5
      md5: 87c5636591304f606daad6c5588e1d4d.dir
      size: 836021
      nfiles: 2
  model_building:
    cmd: python3 src/model_building.py
    deps:
    - path: data/processed
      hash: md5
      md5: 87c5636591304f606daad6c5588e1d4d.dir
      size: 836021
      nfiles: 2
    - path: src/model_building.py
      hash: md5
      md5: 11cb6bf17c6b72b563d007e0463b81a6
      size: 4580
    outs:
    - path: models/model.pkl
      hash: md5
      md5: 991bf71c5d932718b689f475fb14c0df
      size: 741150
  model_evaluation:
    cmd: python3 src/model_evaluation.py
    deps:
    - path: models/model.pkl
      hash: md5
      md5: 991bf71c5d932718b689f475fb14c0df
      size: 741150
    - path: src/model_evaluation.py
      hash: md5
      md5: eacca10fa2df94ae65bc7ffe099c2498
      size: 4778
    outs:
    - path: reports/metrics.json
      hash: md5
      md5: 85cac9e7f00d6b07ed2944168305dc32
      size: 140
